// !$*UTF8*$!
{
	archiveVersion = 1;
	classes = {
	};
	objectVersion = 56;
	objects = {

/* Begin PBXBuildFile section */
		490C929A29C0EBB900873803 /* AppDelegate.swift in Sources */ = {isa = PBXBuildFile; fileRef = 490C929929C0EBB900873803 /* AppDelegate.swift */; };
		490C929C29C0EBB900873803 /* SceneDelegate.swift in Sources */ = {isa = PBXBuildFile; fileRef = 490C929B29C0EBB900873803 /* SceneDelegate.swift */; };
		490C92A129C0EBB900873803 /* Main.storyboard in Resources */ = {isa = PBXBuildFile; fileRef = 490C929F29C0EBB900873803 /* Main.storyboard */; };
		490C92A329C0EBBA00873803 /* Assets.xcassets in Resources */ = {isa = PBXBuildFile; fileRef = 490C92A229C0EBBA00873803 /* Assets.xcassets */; };
		490C92A629C0EBBA00873803 /* LaunchScreen.storyboard in Resources */ = {isa = PBXBuildFile; fileRef = 490C92A429C0EBBA00873803 /* LaunchScreen.storyboard */; };
		490C92AF29C0EC3A00873803 /* NewsListTableViewController.swift in Sources */ = {isa = PBXBuildFile; fileRef = 490C92AE29C0EC3A00873803 /* NewsListTableViewController.swift */; };
		4931B04C29C11DDB0035B4A1 /* Webservice.swift in Sources */ = {isa = PBXBuildFile; fileRef = 4931B04B29C11DDB0035B4A1 /* Webservice.swift */; };
		496DEB4829C1896900D7F387 /* Article.swift in Sources */ = {isa = PBXBuildFile; fileRef = 496DEB4729C1896900D7F387 /* Article.swift */; };
		496DEB4B29C1907E00D7F387 /* ArticleViewModel.swift in Sources */ = {isa = PBXBuildFile; fileRef = 496DEB4A29C1907E00D7F387 /* ArticleViewModel.swift */; };
		496DEB4E29C1A08200D7F387 /* ArticleTableViewCell.swift in Sources */ = {isa = PBXBuildFile; fileRef = 496DEB4D29C1A08200D7F387 /* ArticleTableViewCell.swift */; };
/* End PBXBuildFile section */

/* Begin PBXFileReference section */
		490C929629C0EBB900873803 /* GoodNews.app */ = {isa = PBXFileReference; explicitFileType = wrapper.application; includeInIndex = 0; path = GoodNews.app; sourceTree = BUILT_PRODUCTS_DIR; };
		490C929929C0EBB900873803 /* AppDelegate.swift */ = {isa = PBXFileReference; lastKnownFileType = sourcecode.swift; path = AppDelegate.swift; sourceTree = "<group>"; };
		490C929B29C0EBB900873803 /* SceneDelegate.swift */ = {isa = PBXFileReference; lastKnownFileType = sourcecode.swift; path = SceneDelegate.swift; sourceTree = "<group>"; };
		490C92A029C0EBB900873803 /* Base */ = {isa = PBXFileReference; lastKnownFileType = file.storyboard; name = Base; path = Base.lproj/Main.storyboard; sourceTree = "<group>"; };
		490C92A229C0EBBA00873803 /* Assets.xcassets */ = {isa = PBXFileReference; lastKnownFileType = folder.assetcatalog; path = Assets.xcassets; sourceTree = "<group>"; };
		490C92A529C0EBBA00873803 /* Base */ = {isa = PBXFileReference; lastKnownFileType = file.storyboard; name = Base; path = Base.lproj/LaunchScreen.storyboard; sourceTree = "<group>"; };
		490C92A729C0EBBA00873803 /* Info.plist */ = {isa = PBXFileReference; lastKnownFileType = text.plist.xml; path = Info.plist; sourceTree = "<group>"; };
		490C92AE29C0EC3A00873803 /* NewsListTableViewController.swift */ = {isa = PBXFileReference; lastKnownFileType = sourcecode.swift; path = NewsListTableViewController.swift; sourceTree = "<group>"; };
		4931B04B29C11DDB0035B4A1 /* Webservice.swift */ = {isa = PBXFileReference; lastKnownFileType = sourcecode.swift; path = Webservice.swift; sourceTree = "<group>"; };
		496DEB4729C1896900D7F387 /* Article.swift */ = {isa = PBXFileReference; lastKnownFileType = sourcecode.swift; path = Article.swift; sourceTree = "<group>"; };
		496DEB4A29C1907E00D7F387 /* ArticleViewModel.swift */ = {isa = PBXFileReference; lastKnownFileType = sourcecode.swift; path = ArticleViewModel.swift; sourceTree = "<group>"; };
		496DEB4D29C1A08200D7F387 /* ArticleTableViewCell.swift */ = {isa = PBXFileReference; lastKnownFileType = sourcecode.swift; path = ArticleTableViewCell.swift; sourceTree = "<group>"; };
/* End PBXFileReference section */

/* Begin PBXFrameworksBuildPhase section */
		490C929329C0EBB900873803 /* Frameworks */ = {
			isa = PBXFrameworksBuildPhase;
			buildActionMask = 2147483647;
			files = (
			);
			runOnlyForDeploymentPostprocessing = 0;
		};
/* End PBXFrameworksBuildPhase section */

/* Begin PBXGroup section */
		490C928D29C0EBB900873803 = {
			isa = PBXGroup;
			children = (
				490C929829C0EBB900873803 /* GoodNews */,
				490C929729C0EBB900873803 /* Products */,
			);
			sourceTree = "<group>";
		};
		490C929729C0EBB900873803 /* Products */ = {
			isa = PBXGroup;
			children = (
				490C929629C0EBB900873803 /* GoodNews.app */,
			);
			name = Products;
			sourceTree = "<group>";
		};
		490C929829C0EBB900873803 /* GoodNews */ = {
			isa = PBXGroup;
			children = (
				496DEB4C29C1A06800D7F387 /* Cells */,
				496DEB4929C1906D00D7F387 /* View Models */,
				496DEB4629C1895700D7F387 /* Models */,
				4931B04A29C11DC60035B4A1 /* Services */,
				490C92AD29C0EC1500873803 /* Controllers */,
				490C929929C0EBB900873803 /* AppDelegate.swift */,
				490C929B29C0EBB900873803 /* SceneDelegate.swift */,
				490C929F29C0EBB900873803 /* Main.storyboard */,
				490C92A229C0EBBA00873803 /* Assets.xcassets */,
				490C92A429C0EBBA00873803 /* LaunchScreen.storyboard */,
				490C92A729C0EBBA00873803 /* Info.plist */,
			);
			path = GoodNews;
			sourceTree = "<group>";
		};
		490C92AD29C0EC1500873803 /* Controllers */ = {
			isa = PBXGroup;
			children = (
				4931B04929C11DB70035B4A1 /* TableViewController */,
				490C92AE29C0EC3A00873803 /* NewsListTableViewController.swift */,
			);
			path = Controllers;
			sourceTree = "<group>";
		};
		4931B04929C11DB70035B4A1 /* TableViewController */ = {
			isa = PBXGroup;
			children = (
			);
			path = TableViewController;
			sourceTree = "<group>";
		};
		4931B04A29C11DC60035B4A1 /* Services */ = {
			isa = PBXGroup;
			children = (
				4931B04B29C11DDB0035B4A1 /* Webservice.swift */,
			);
			path = Services;
			sourceTree = "<group>";
		};
		496DEB4629C1895700D7F387 /* Models */ = {
			isa = PBXGroup;
			children = (
				496DEB4729C1896900D7F387 /* Article.swift */,
			);
			path = Models;
			sourceTree = "<group>";
		};
		496DEB4929C1906D00D7F387 /* View Models */ = {
			isa = PBXGroup;
			children = (
				496DEB4A29C1907E00D7F387 /* ArticleViewModel.swift */,
			);
			path = "View Models";
			sourceTree = "<group>";
		};
		496DEB4C29C1A06800D7F387 /* Cells */ = {
			isa = PBXGroup;
			children = (
				496DEB4D29C1A08200D7F387 /* ArticleTableViewCell.swift */,
			);
			path = Cells;
			sourceTree = "<group>";
		};
/* End PBXGroup section */

/* Begin PBXNativeTarget section */
		490C929529C0EBB900873803 /* GoodNews */ = {
			isa = PBXNativeTarget;
			buildConfigurationList = 490C92AA29C0EBBA00873803 /* Build configuration list for PBXNativeTarget "GoodNews" */;
			buildPhases = (
				490C929229C0EBB900873803 /* Sources */,
				490C929329C0EBB900873803 /* Frameworks */,
				490C929429C0EBB900873803 /* Resources */,
			);
			buildRules = (
			);
			dependencies = (
			);
			name = GoodNews;
			productName = GoodNews;
			productReference = 490C929629C0EBB900873803 /* GoodNews.app */;
			productType = "com.apple.product-type.application";
		};
/* End PBXNativeTarget section */

/* Begin PBXProject section */
		490C928E29C0EBB900873803 /* Project object */ = {
			isa = PBXProject;
			attributes = {
				BuildIndependentTargetsInParallel = 1;
				LastSwiftUpdateCheck = 1420;
				LastUpgradeCheck = 1420;
				TargetAttributes = {
					490C929529C0EBB900873803 = {
						CreatedOnToolsVersion = 14.2;
					};
				};
			};
			buildConfigurationList = 490C929129C0EBB900873803 /* Build configuration list for PBXProject "GoodNews" */;
			compatibilityVersion = "Xcode 14.0";
			developmentRegion = en;
			hasScannedForEncodings = 0;
			knownRegions = (
				en,
				Base,
			);
			mainGroup = 490C928D29C0EBB900873803;
			productRefGroup = 490C929729C0EBB900873803 /* Products */;
			projectDirPath = "";
			projectRoot = "";
			targets = (
				490C929529C0EBB900873803 /* GoodNews */,
			);
		};
/* End PBXProject section */

/* Begin PBXResourcesBuildPhase section */
		490C929429C0EBB900873803 /* Resources */ = {
			isa = PBXResourcesBuildPhase;
			buildActionMask = 2147483647;
			files = (
				490C92A629C0EBBA00873803 /* LaunchScreen.storyboard in Resources */,
				490C92A329C0EBBA00873803 /* Assets.xcassets in Resources */,
				490C92A129C0EBB900873803 /* Main.storyboard in Resources */,
			);
			runOnlyForDeploymentPostprocessing = 0;
		};
/* End PBXResourcesBuildPhase section */

/* Begin PBXSourcesBuildPhase section */
		490C929229C0EBB900873803 /* Sources */ = {
			isa = PBXSourcesBuildPhase;
			buildActionMask = 2147483647;
			files = (
				490C92AF29C0EC3A00873803 /* NewsListTableViewController.swift in Sources */,
				490C929A29C0EBB900873803 /* AppDelegate.swift in Sources */,
				4931B04C29C11DDB0035B4A1 /* Webservice.swift in Sources */,
				496DEB4B29C1907E00D7F387 /* ArticleViewModel.swift in Sources */,
				490C929C29C0EBB900873803 /* SceneDelegate.swift in Sources */,
				496DEB4E29C1A08200D7F387 /* ArticleTableViewCell.swift in Sources */,
				496DEB4829C1896900D7F387 /* Article.swift in Sources */,
			);
			runOnlyForDeploymentPostprocessing = 0;
		};
/* End PBXSourcesBuildPhase section */

/* Begin PBXVariantGroup section */
		490C929F29C0EBB900873803 /* Main.storyboard */ = {
			isa = PBXVariantGroup;
			children = (
				490C92A029C0EBB900873803 /* Base */,
			);
			name = Main.storyboard;
			sourceTree = "<group>";
		};
		490C92A429C0EBBA00873803 /* LaunchScreen.storyboard */ = {
			isa = PBXVariantGroup;
			children = (
				490C92A529C0EBBA00873803 /* Base */,
			);
			name = LaunchScreen.storyboard;
			sourceTree = "<group>";
		};
/* End PBXVariantGroup section */

/* Begin XCBuildConfiguration section */
		490C92A829C0EBBA00873803 /* Debug */ = {
			isa = XCBuildConfiguration;
			buildSettings = {
				ALWAYS_SEARCH_USER_PATHS = NO;
				CLANG_ANALYZER_NONNULL = YES;
				CLANG_ANALYZER_NUMBER_OBJECT_CONVERSION = YES_AGGRESSIVE;
				CLANG_CXX_LANGUAGE_STANDARD = "gnu++20";
				CLANG_ENABLE_MODULES = YES;
				CLANG_ENABLE_OBJC_ARC = YES;
				CLANG_ENABLE_OBJC_WEAK = YES;
				CLANG_WARN_BLOCK_CAPTURE_AUTORELEASING = YES;
				CLANG_WARN_BOOL_CONVERSION = YES;
				CLANG_WARN_COMMA = YES;
				CLANG_WARN_CONSTANT_CONVERSION = YES;
				CLANG_WARN_DEPRECATED_OBJC_IMPLEMENTATIONS = YES;
				CLANG_WARN_DIRECT_OBJC_ISA_USAGE = YES_ERROR;
				CLANG_WARN_DOCUMENTATION_COMMENTS = YES;
				CLANG_WARN_EMPTY_BODY = YES;
				CLANG_WARN_ENUM_CONVERSION = YES;
				CLANG_WARN_INFINITE_RECURSION = YES;
				CLANG_WARN_INT_CONVERSION = YES;
				CLANG_WARN_NON_LITERAL_NULL_CONVERSION = YES;
				CLANG_WARN_OBJC_IMPLICIT_RETAIN_SELF = YES;
				CLANG_WARN_OBJC_LITERAL_CONVERSION = YES;
				CLANG_WARN_OBJC_ROOT_CLASS = YES_ERROR;
				CLANG_WARN_QUOTED_INCLUDE_IN_FRAMEWORK_HEADER = YES;
				CLANG_WARN_RANGE_LOOP_ANALYSIS = YES;
				CLANG_WARN_STRICT_PROTOTYPES = YES;
				CLANG_WARN_SUSPICIOUS_MOVE = YES;
				CLANG_WARN_UNGUARDED_AVAILABILITY = YES_AGGRESSIVE;
				CLANG_WARN_UNREACHABLE_CODE = YES;
				CLANG_WARN__DUPLICATE_METHOD_MATCH = YES;
				COPY_PHASE_STRIP = NO;
				DEBUG_INFORMATION_FORMAT = dwarf;
				ENABLE_STRICT_OBJC_MSGSEND = YES;
				ENABLE_TESTABILITY = YES;
				GCC_C_LANGUAGE_STANDARD = gnu11;
				GCC_DYNAMIC_NO_PIC = NO;
				GCC_NO_COMMON_BLOCKS = YES;
				GCC_OPTIMIZATION_LEVEL = 0;
				GCC_PREPROCESSOR_DEFINITIONS = (
					"DEBUG=1",
					"$(inherited)",
				);
				GCC_WARN_64_TO_32_BIT_CONVERSION = YES;
				GCC_WARN_ABOUT_RETURN_TYPE = YES_ERROR;
				GCC_WARN_UNDECLARED_SELECTOR = YES;
				GCC_WARN_UNINITIALIZED_AUTOS = YES_AGGRESSIVE;
				GCC_WARN_UNUSED_FUNCTION = YES;
				GCC_WARN_UNUSED_VARIABLE = YES;
				IPHONEOS_DEPLOYMENT_TARGET = 16.2;
				MTL_ENABLE_DEBUG_INFO = INCLUDE_SOURCE;
				MTL_FAST_MATH = YES;
				ONLY_ACTIVE_ARCH = YES;
				SDKROOT = iphoneos;
				SWIFT_ACTIVE_COMPILATION_CONDITIONS = DEBUG;
				SWIFT_OPTIMIZATION_LEVEL = "-Onone";
			};
			name = Debug;
		};
		490C92A929C0EBBA00873803 /* Release */ = {
			isa = XCBuildConfiguration;
			buildSettings = {
				ALWAYS_SEARCH_USER_PATHS = NO;
				CLANG_ANALYZER_NONNULL = YES;
				CLANG_ANALYZER_NUMBER_OBJECT_CONVERSION = YES_AGGRESSIVE;
				CLANG_CXX_LANGUAGE_STANDARD = "gnu++20";
				CLANG_ENABLE_MODULES = YES;
				CLANG_ENABLE_OBJC_ARC = YES;
				CLANG_ENABLE_OBJC_WEAK = YES;
				CLANG_WARN_BLOCK_CAPTURE_AUTORELEASING = YES;
				CLANG_WARN_BOOL_CONVERSION = YES;
				CLANG_WARN_COMMA = YES;
				CLANG_WARN_CONSTANT_CONVERSION = YES;
				CLANG_WARN_DEPRECATED_OBJC_IMPLEMENTATIONS = YES;
				CLANG_WARN_DIRECT_OBJC_ISA_USAGE = YES_ERROR;
				CLANG_WARN_DOCUMENTATION_COMMENTS = YES;
				CLANG_WARN_EMPTY_BODY = YES;
				CLANG_WARN_ENUM_CONVERSION = YES;
				CLANG_WARN_INFINITE_RECURSION = YES;
				CLANG_WARN_INT_CONVERSION = YES;
				CLANG_WARN_NON_LITERAL_NULL_CONVERSION = YES;
				CLANG_WARN_OBJC_IMPLICIT_RETAIN_SELF = YES;
				CLANG_WARN_OBJC_LITERAL_CONVERSION = YES;
				CLANG_WARN_OBJC_ROOT_CLASS = YES_ERROR;
				CLANG_WARN_QUOTED_INCLUDE_IN_FRAMEWORK_HEADER = YES;
				CLANG_WARN_RANGE_LOOP_ANALYSIS = YES;
				CLANG_WARN_STRICT_PROTOTYPES = YES;
				CLANG_WARN_SUSPICIOUS_MOVE = YES;
				CLANG_WARN_UNGUARDED_AVAILABILITY = YES_AGGRESSIVE;
				CLANG_WARN_UNREACHABLE_CODE = YES;
				CLANG_WARN__DUPLICATE_METHOD_MATCH = YES;
				COPY_PHASE_STRIP = NO;
				DEBUG_INFORMATION_FORMAT = "dwarf-with-dsym";
				ENABLE_NS_ASSERTIONS = NO;
				ENABLE_STRICT_OBJC_MSGSEND = YES;
				GCC_C_LANGUAGE_STANDARD = gnu11;
				GCC_NO_COMMON_BLOCKS = YES;
				GCC_WARN_64_TO_32_BIT_CONVERSION = YES;
				GCC_WARN_ABOUT_RETURN_TYPE = YES_ERROR;
				GCC_WARN_UNDECLARED_SELECTOR = YES;
				GCC_WARN_UNINITIALIZED_AUTOS = YES_AGGRESSIVE;
				GCC_WARN_UNUSED_FUNCTION = YES;
				GCC_WARN_UNUSED_VARIABLE = YES;
				IPHONEOS_DEPLOYMENT_TARGET = 16.2;
				MTL_ENABLE_DEBUG_INFO = NO;
				MTL_FAST_MATH = YES;
				SDKROOT = iphoneos;
				SWIFT_COMPILATION_MODE = wholemodule;
				SWIFT_OPTIMIZATION_LEVEL = "-O";
				VALIDATE_PRODUCT = YES;
			};
			name = Release;
		};
		490C92AB29C0EBBA00873803 /* Debug */ = {
			isa = XCBuildConfiguration;
			buildSettings = {
				ASSETCATALOG_COMPILER_APPICON_NAME = AppIcon;
				ASSETCATALOG_COMPILER_GLOBAL_ACCENT_COLOR_NAME = AccentColor;
				CODE_SIGN_STYLE = Automatic;
				CURRENT_PROJECT_VERSION = 1;
				DEVELOPMENT_TEAM = 2G8QN9SRVA;
				GENERATE_INFOPLIST_FILE = YES;
				INFOPLIST_FILE = GoodNews/Info.plist;
				INFOPLIST_KEY_UIApplicationSupportsIndirectInputEvents = YES;
				INFOPLIST_KEY_UILaunchStoryboardName = LaunchScreen;
				INFOPLIST_KEY_UIMainStoryboardFile = Main;
				INFOPLIST_KEY_UISupportedInterfaceOrientations_iPad = "UIInterfaceOrientationPortrait UIInterfaceOrientationPortraitUpsideDown UIInterfaceOrientationLandscapeLeft UIInterfaceOrientationLandscapeRight";
				INFOPLIST_KEY_UISupportedInterfaceOrientations_iPhone = "UIInterfaceOrientationPortrait UIInterfaceOrientationLandscapeLeft UIInterfaceOrientationLandscapeRight";
				LD_RUNPATH_SEARCH_PATHS = (
					"$(inherited)",
					"@executable_path/Frameworks",
				);
				MARKETING_VERSION = 1.0;
				PRODUCT_BUNDLE_IDENTIFIER = com.berkaykuzu.GoodNews;
				PRODUCT_NAME = "$(TARGET_NAME)";
				SWIFT_EMIT_LOC_STRINGS = YES;
				SWIFT_VERSION = 5.0;
				TARGETED_DEVICE_FAMILY = "1,2";
			};
			name = Debug;
		};
		490C92AC29C0EBBA00873803 /* Release */ = {
			isa = XCBuildConfiguration;
			buildSettings = {
				ASSETCATALOG_COMPILER_APPICON_NAME = AppIcon;
				ASSETCATALOG_COMPILER_GLOBAL_ACCENT_COLOR_NAME = AccentColor;
				CODE_SIGN_STYLE = Automatic;
				CURRENT_PROJECT_VERSION = 1;
				DEVELOPMENT_TEAM = 2G8QN9SRVA;
				GENERATE_INFOPLIST_FILE = YES;
				INFOPLIST_FILE = GoodNews/Info.plist;
				INFOPLIST_KEY_UIApplicationSupportsIndirectInputEvents = YES;
				INFOPLIST_KEY_UILaunchStoryboardName = LaunchScreen;
				INFOPLIST_KEY_UIMainStoryboardFile = Main;
				INFOPLIST_KEY_UISupportedInterfaceOrientations_iPad = "UIInterfaceOrientationPortrait UIInterfaceOrientationPortraitUpsideDown UIInterfaceOrientationLandscapeLeft UIInterfaceOrientationLandscapeRight";
				INFOPLIST_KEY_UISupportedInterfaceOrientations_iPhone = "UIInterfaceOrientationPortrait UIInterfaceOrientationLandscapeLeft UIInterfaceOrientationLandscapeRight";
				LD_RUNPATH_SEARCH_PATHS = (
					"$(inherited)",
					"@executable_path/Frameworks",
				);
				MARKETING_VERSION = 1.0;
				PRODUCT_BUNDLE_IDENTIFIER = com.berkaykuzu.GoodNews;
				PRODUCT_NAME = "$(TARGET_NAME)";
				SWIFT_EMIT_LOC_STRINGS = YES;
				SWIFT_VERSION = 5.0;
				TARGETED_DEVICE_FAMILY = "1,2";
			};
			name = Release;
		};
/* End XCBuildConfiguration section */

/* Begin XCConfigurationList section */
		490C929129C0EBB900873803 /* Build configuration list for PBXProject "GoodNews" */ = {
			isa = XCConfigurationList;
			buildConfigurations = (
				490C92A829C0EBBA00873803 /* Debug */,
				490C92A929C0EBBA00873803 /* Release */,
			);
			defaultConfigurationIsVisible = 0;
			defaultConfigurationName = Release;
		};
		490C92AA29C0EBBA00873803 /* Build configuration list for PBXNativeTarget "GoodNews" */ = {
			isa = XCConfigurationList;
			buildConfigurations = (
				490C92AB29C0EBBA00873803 /* Debug */,
				490C92AC29C0EBBA00873803 /* Release */,
			);
			defaultConfigurationIsVisible = 0;
			defaultConfigurationName = Release;
		};
/* End XCConfigurationList section */
	};
	rootObject = 490C928E29C0EBB900873803 /* Project object */;
}
